// !$*UTF8*$!
{
	archiveVersion = 1;
	classes = {
	};
	objectVersion = 56;
	objects = {

/* Begin PBXBuildFile section */
		0B2D2A4B2B0AAF1900444FCA /* AppListNavApp.swift in Sources */ = {isa = PBXBuildFile; fileRef = 0B2D2A4A2B0AAF1900444FCA /* AppListNavApp.swift */; };
		0B2D2A4D2B0AAF1900444FCA /* ContentView.swift in Sources */ = {isa = PBXBuildFile; fileRef = 0B2D2A4C2B0AAF1900444FCA /* ContentView.swift */; };
		0B2D2A4F2B0AAF1B00444FCA /* Assets.xcassets in Resources */ = {isa = PBXBuildFile; fileRef = 0B2D2A4E2B0AAF1B00444FCA /* Assets.xcassets */; };
		0B2D2A522B0AAF1B00444FCA /* Preview Assets.xcassets in Resources */ = {isa = PBXBuildFile; fileRef = 0B2D2A512B0AAF1B00444FCA /* Preview Assets.xcassets */; };
		0B2D2A5C2B0AAF1B00444FCA /* AppListNavTests.swift in Sources */ = {isa = PBXBuildFile; fileRef = 0B2D2A5B2B0AAF1B00444FCA /* AppListNavTests.swift */; };
		0B2D2A662B0AAF1B00444FCA /* AppListNavUITests.swift in Sources */ = {isa = PBXBuildFile; fileRef = 0B2D2A652B0AAF1B00444FCA /* AppListNavUITests.swift */; };
		0B2D2A682B0AAF1B00444FCA /* AppListNavUITestsLaunchTests.swift in Sources */ = {isa = PBXBuildFile; fileRef = 0B2D2A672B0AAF1B00444FCA /* AppListNavUITestsLaunchTests.swift */; };
		0B2D2A752B0AB38C00444FCA /* PersonRowView.swift in Sources */ = {isa = PBXBuildFile; fileRef = 0B2D2A742B0AB38C00444FCA /* PersonRowView.swift */; };
		0B2D2A772B0AB7F200444FCA /* ReadMoreView.swift in Sources */ = {isa = PBXBuildFile; fileRef = 0B2D2A762B0AB7F100444FCA /* ReadMoreView.swift */; };
/* End PBXBuildFile section */

/* Begin PBXContainerItemProxy section */
		0B2D2A582B0AAF1B00444FCA /* PBXContainerItemProxy */ = {
			isa = PBXContainerItemProxy;
			containerPortal = 0B2D2A3F2B0AAF1900444FCA /* Project object */;
			proxyType = 1;
			remoteGlobalIDString = 0B2D2A462B0AAF1900444FCA;
			remoteInfo = AppListNav;
		};
		0B2D2A622B0AAF1B00444FCA /* PBXContainerItemProxy */ = {
			isa = PBXContainerItemProxy;
			containerPortal = 0B2D2A3F2B0AAF1900444FCA /* Project object */;
			proxyType = 1;
			remoteGlobalIDString = 0B2D2A462B0AAF1900444FCA;
			remoteInfo = AppListNav;
		};
/* End PBXContainerItemProxy section */

/* Begin PBXFileReference section */
		0B2D2A472B0AAF1900444FCA /* AppListNav.app */ = {isa = PBXFileReference; explicitFileType = wrapper.application; includeInIndex = 0; path = AppListNav.app; sourceTree = BUILT_PRODUCTS_DIR; };
		0B2D2A4A2B0AAF1900444FCA /* AppListNavApp.swift */ = {isa = PBXFileReference; lastKnownFileType = sourcecode.swift; path = AppListNavApp.swift; sourceTree = "<group>"; };
		0B2D2A4C2B0AAF1900444FCA /* ContentView.swift */ = {isa = PBXFileReference; lastKnownFileType = sourcecode.swift; path = ContentView.swift; sourceTree = "<group>"; };
		0B2D2A4E2B0AAF1B00444FCA /* Assets.xcassets */ = {isa = PBXFileReference; lastKnownFileType = folder.assetcatalog; path = Assets.xcassets; sourceTree = "<group>"; };
		0B2D2A512B0AAF1B00444FCA /* Preview Assets.xcassets */ = {isa = PBXFileReference; lastKnownFileType = folder.assetcatalog; path = "Preview Assets.xcassets"; sourceTree = "<group>"; };
		0B2D2A572B0AAF1B00444FCA /* AppListNavTests.xctest */ = {isa = PBXFileReference; explicitFileType = wrapper.cfbundle; includeInIndex = 0; path = AppListNavTests.xctest; sourceTree = BUILT_PRODUCTS_DIR; };
		0B2D2A5B2B0AAF1B00444FCA /* AppListNavTests.swift */ = {isa = PBXFileReference; lastKnownFileType = sourcecode.swift; path = AppListNavTests.swift; sourceTree = "<group>"; };
		0B2D2A612B0AAF1B00444FCA /* AppListNavUITests.xctest */ = {isa = PBXFileReference; explicitFileType = wrapper.cfbundle; includeInIndex = 0; path = AppListNavUITests.xctest; sourceTree = BUILT_PRODUCTS_DIR; };
		0B2D2A652B0AAF1B00444FCA /* AppListNavUITests.swift */ = {isa = PBXFileReference; lastKnownFileType = sourcecode.swift; path = AppListNavUITests.swift; sourceTree = "<group>"; };
		0B2D2A672B0AAF1B00444FCA /* AppListNavUITestsLaunchTests.swift */ = {isa = PBXFileReference; lastKnownFileType = sourcecode.swift; path = AppListNavUITestsLaunchTests.swift; sourceTree = "<group>"; };
		0B2D2A742B0AB38C00444FCA /* PersonRowView.swift */ = {isa = PBXFileReference; lastKnownFileType = sourcecode.swift; path = PersonRowView.swift; sourceTree = "<group>"; };
		0B2D2A762B0AB7F100444FCA /* ReadMoreView.swift */ = {isa = PBXFileReference; lastKnownFileType = sourcecode.swift; path = ReadMoreView.swift; sourceTree = "<group>"; };
/* End PBXFileReference section */

/* Begin PBXFrameworksBuildPhase section */
		0B2D2A442B0AAF1900444FCA /* Frameworks */ = {
			isa = PBXFrameworksBuildPhase;
			buildActionMask = 2147483647;
			files = (
			);
			runOnlyForDeploymentPostprocessing = 0;
		};
		0B2D2A542B0AAF1B00444FCA /* Frameworks */ = {
			isa = PBXFrameworksBuildPhase;
			buildActionMask = 2147483647;
			files = (
			);
			runOnlyForDeploymentPostprocessing = 0;
		};
		0B2D2A5E2B0AAF1B00444FCA /* Frameworks */ = {
			isa = PBXFrameworksBuildPhase;
			buildActionMask = 2147483647;
			files = (
			);
			runOnlyForDeploymentPostprocessing = 0;
		};
/* End PBXFrameworksBuildPhase section */

/* Begin PBXGroup section */
		0B2D2A3E2B0AAF1900444FCA = {
			isa = PBXGroup;
			children = (
				0B2D2A492B0AAF1900444FCA /* AppListNav */,
				0B2D2A5A2B0AAF1B00444FCA /* AppListNavTests */,
				0B2D2A642B0AAF1B00444FCA /* AppListNavUITests */,
				0B2D2A482B0AAF1900444FCA /* Products */,
			);
			sourceTree = "<group>";
		};
		0B2D2A482B0AAF1900444FCA /* Products */ = {
			isa = PBXGroup;
			children = (
				0B2D2A472B0AAF1900444FCA /* AppListNav.app */,
				0B2D2A572B0AAF1B00444FCA /* AppListNavTests.xctest */,
				0B2D2A612B0AAF1B00444FCA /* AppListNavUITests.xctest */,
			);
			name = Products;
			sourceTree = "<group>";
		};
		0B2D2A492B0AAF1900444FCA /* AppListNav */ = {
			isa = PBXGroup;
			children = (
				0B2D2A4A2B0AAF1900444FCA /* AppListNavApp.swift */,
				0B2D2A4C2B0AAF1900444FCA /* ContentView.swift */,
				0B2D2A762B0AB7F100444FCA /* ReadMoreView.swift */,
				0B2D2A742B0AB38C00444FCA /* PersonRowView.swift */,
				0B2D2A4E2B0AAF1B00444FCA /* Assets.xcassets */,
				0B2D2A502B0AAF1B00444FCA /* Preview Content */,
			);
			path = AppListNav;
			sourceTree = "<group>";
		};
		0B2D2A502B0AAF1B00444FCA /* Preview Content */ = {
			isa = PBXGroup;
			children = (
				0B2D2A512B0AAF1B00444FCA /* Preview Assets.xcassets */,
			);
			path = "Preview Content";
			sourceTree = "<group>";
		};
		0B2D2A5A2B0AAF1B00444FCA /* AppListNavTests */ = {
			isa = PBXGroup;
			children = (
				0B2D2A5B2B0AAF1B00444FCA /* AppListNavTests.swift */,
			);
			path = AppListNavTests;
			sourceTree = "<group>";
		};
		0B2D2A642B0AAF1B00444FCA /* AppListNavUITests */ = {
			isa = PBXGroup;
			children = (
				0B2D2A652B0AAF1B00444FCA /* AppListNavUITests.swift */,
				0B2D2A672B0AAF1B00444FCA /* AppListNavUITestsLaunchTests.swift */,
			);
			path = AppListNavUITests;
			sourceTree = "<group>";
		};
/* End PBXGroup section */

/* Begin PBXNativeTarget section */
		0B2D2A462B0AAF1900444FCA /* AppListNav */ = {
			isa = PBXNativeTarget;
			buildConfigurationList = 0B2D2A6B2B0AAF1B00444FCA /* Build configuration list for PBXNativeTarget "AppListNav" */;
			buildPhases = (
				0B2D2A432B0AAF1900444FCA /* Sources */,
				0B2D2A442B0AAF1900444FCA /* Frameworks */,
				0B2D2A452B0AAF1900444FCA /* Resources */,
			);
			buildRules = (
			);
			dependencies = (
			);
			name = AppListNav;
			productName = AppListNav;
			productReference = 0B2D2A472B0AAF1900444FCA /* AppListNav.app */;
			productType = "com.apple.product-type.application";
		};
		0B2D2A562B0AAF1B00444FCA /* AppListNavTests */ = {
			isa = PBXNativeTarget;
			buildConfigurationList = 0B2D2A6E2B0AAF1B00444FCA /* Build configuration list for PBXNativeTarget "AppListNavTests" */;
			buildPhases = (
				0B2D2A532B0AAF1B00444FCA /* Sources */,
				0B2D2A542B0AAF1B00444FCA /* Frameworks */,
				0B2D2A552B0AAF1B00444FCA /* Resources */,
			);
			buildRules = (
			);
			dependencies = (
				0B2D2A592B0AAF1B00444FCA /* PBXTargetDependency */,
			);
			name = AppListNavTests;
			productName = AppListNavTests;
			productReference = 0B2D2A572B0AAF1B00444FCA /* AppListNavTests.xctest */;
			productType = "com.apple.product-type.bundle.unit-test";
		};
		0B2D2A602B0AAF1B00444FCA /* AppListNavUITests */ = {
			isa = PBXNativeTarget;
			buildConfigurationList = 0B2D2A712B0AAF1B00444FCA /* Build configuration list for PBXNativeTarget "AppListNavUITests" */;
			buildPhases = (
				0B2D2A5D2B0AAF1B00444FCA /* Sources */,
				0B2D2A5E2B0AAF1B00444FCA /* Frameworks */,
				0B2D2A5F2B0AAF1B00444FCA /* Resources */,
			);
			buildRules = (
			);
			dependencies = (
				0B2D2A632B0AAF1B00444FCA /* PBXTargetDependency */,
			);
			name = AppListNavUITests;
			productName = AppListNavUITests;
			productReference = 0B2D2A612B0AAF1B00444FCA /* AppListNavUITests.xctest */;
			productType = "com.apple.product-type.bundle.ui-testing";
		};
/* End PBXNativeTarget section */

/* Begin PBXProject section */
		0B2D2A3F2B0AAF1900444FCA /* Project object */ = {
			isa = PBXProject;
			attributes = {
				BuildIndependentTargetsInParallel = 1;
				LastSwiftUpdateCheck = 1500;
				LastUpgradeCheck = 1500;
				TargetAttributes = {
					0B2D2A462B0AAF1900444FCA = {
						CreatedOnToolsVersion = 15.0;
					};
					0B2D2A562B0AAF1B00444FCA = {
						CreatedOnToolsVersion = 15.0;
						TestTargetID = 0B2D2A462B0AAF1900444FCA;
					};
					0B2D2A602B0AAF1B00444FCA = {
						CreatedOnToolsVersion = 15.0;
						TestTargetID = 0B2D2A462B0AAF1900444FCA;
					};
				};
			};
			buildConfigurationList = 0B2D2A422B0AAF1900444FCA /* Build configuration list for PBXProject "AppListNav" */;
			compatibilityVersion = "Xcode 14.0";
			developmentRegion = en;
			hasScannedForEncodings = 0;
			knownRegions = (
				en,
				Base,
			);
			mainGroup = 0B2D2A3E2B0AAF1900444FCA;
			productRefGroup = 0B2D2A482B0AAF1900444FCA /* Products */;
			projectDirPath = "";
			projectRoot = "";
			targets = (
				0B2D2A462B0AAF1900444FCA /* AppListNav */,
				0B2D2A562B0AAF1B00444FCA /* AppListNavTests */,
				0B2D2A602B0AAF1B00444FCA /* AppListNavUITests */,
			);
		};
/* End PBXProject section */

/* Begin PBXResourcesBuildPhase section */
		0B2D2A452B0AAF1900444FCA /* Resources */ = {
			isa = PBXResourcesBuildPhase;
			buildActionMask = 2147483647;
			files = (
				0B2D2A522B0AAF1B00444FCA /* Preview Assets.xcassets in Resources */,
				0B2D2A4F2B0AAF1B00444FCA /* Assets.xcassets in Resources */,
			);
			runOnlyForDeploymentPostprocessing = 0;
		};
		0B2D2A552B0AAF1B00444FCA /* Resources */ = {
			isa = PBXResourcesBuildPhase;
			buildActionMask = 2147483647;
			files = (
			);
			runOnlyForDeploymentPostprocessing = 0;
		};
		0B2D2A5F2B0AAF1B00444FCA /* Resources */ = {
			isa = PBXResourcesBuildPhase;
			buildActionMask = 2147483647;
			files = (
			);
			runOnlyForDeploymentPostprocessing = 0;
		};
/* End PBXResourcesBuildPhase section */

/* Begin PBXSourcesBuildPhase section */
		0B2D2A432B0AAF1900444FCA /* Sources */ = {
			isa = PBXSourcesBuildPhase;
			buildActionMask = 2147483647;
			files = (
				0B2D2A4D2B0AAF1900444FCA /* ContentView.swift in Sources */,
				0B2D2A752B0AB38C00444FCA /* PersonRowView.swift in Sources */,
				0B2D2A4B2B0AAF1900444FCA /* AppListNavApp.swift in Sources */,
				0B2D2A772B0AB7F200444FCA /* ReadMoreView.swift in Sources */,
			);
			runOnlyForDeploymentPostprocessing = 0;
		};
		0B2D2A532B0AAF1B00444FCA /* Sources */ = {
			isa = PBXSourcesBuildPhase;
			buildActionMask = 2147483647;
			files = (
				0B2D2A5C2B0AAF1B00444FCA /* AppListNavTests.swift in Sources */,
			);
			runOnlyForDeploymentPostprocessing = 0;
		};
		0B2D2A5D2B0AAF1B00444FCA /* Sources */ = {
			isa = PBXSourcesBuildPhase;
			buildActionMask = 2147483647;
			files = (
				0B2D2A682B0AAF1B00444FCA /* AppListNavUITestsLaunchTests.swift in Sources */,
				0B2D2A662B0AAF1B00444FCA /* AppListNavUITests.swift in Sources */,
			);
			runOnlyForDeploymentPostprocessing = 0;
		};
/* End PBXSourcesBuildPhase section */

/* Begin PBXTargetDependency section */
		0B2D2A592B0AAF1B00444FCA /* PBXTargetDependency */ = {
			isa = PBXTargetDependency;
			target = 0B2D2A462B0AAF1900444FCA /* AppListNav */;
			targetProxy = 0B2D2A582B0AAF1B00444FCA /* PBXContainerItemProxy */;
		};
		0B2D2A632B0AAF1B00444FCA /* PBXTargetDependency */ = {
			isa = PBXTargetDependency;
			target = 0B2D2A462B0AAF1900444FCA /* AppListNav */;
			targetProxy = 0B2D2A622B0AAF1B00444FCA /* PBXContainerItemProxy */;
		};
/* End PBXTargetDependency section */

/* Begin XCBuildConfiguration section */
		0B2D2A692B0AAF1B00444FCA /* Debug */ = {
			isa = XCBuildConfiguration;
			buildSettings = {
				ALWAYS_SEARCH_USER_PATHS = NO;
				ASSETCATALOG_COMPILER_GENERATE_SWIFT_ASSET_SYMBOL_EXTENSIONS = YES;
				CLANG_ANALYZER_NONNULL = YES;
				CLANG_ANALYZER_NUMBER_OBJECT_CONVERSION = YES_AGGRESSIVE;
				CLANG_CXX_LANGUAGE_STANDARD = "gnu++20";
				CLANG_ENABLE_MODULES = YES;
				CLANG_ENABLE_OBJC_ARC = YES;
				CLANG_ENABLE_OBJC_WEAK = YES;
				CLANG_WARN_BLOCK_CAPTURE_AUTORELEASING = YES;
				CLANG_WARN_BOOL_CONVERSION = YES;
				CLANG_WARN_COMMA = YES;
				CLANG_WARN_CONSTANT_CONVERSION = YES;
				CLANG_WARN_DEPRECATED_OBJC_IMPLEMENTATIONS = YES;
				CLANG_WARN_DIRECT_OBJC_ISA_USAGE = YES_ERROR;
				CLANG_WARN_DOCUMENTATION_COMMENTS = YES;
				CLANG_WARN_EMPTY_BODY = YES;
				CLANG_WARN_ENUM_CONVERSION = YES;
				CLANG_WARN_INFINITE_RECURSION = YES;
				CLANG_WARN_INT_CONVERSION = YES;
				CLANG_WARN_NON_LITERAL_NULL_CONVERSION = YES;
				CLANG_WARN_OBJC_IMPLICIT_RETAIN_SELF = YES;
				CLANG_WARN_OBJC_LITERAL_CONVERSION = YES;
				CLANG_WARN_OBJC_ROOT_CLASS = YES_ERROR;
				CLANG_WARN_QUOTED_INCLUDE_IN_FRAMEWORK_HEADER = YES;
				CLANG_WARN_RANGE_LOOP_ANALYSIS = YES;
				CLANG_WARN_STRICT_PROTOTYPES = YES;
				CLANG_WARN_SUSPICIOUS_MOVE = YES;
				CLANG_WARN_UNGUARDED_AVAILABILITY = YES_AGGRESSIVE;
				CLANG_WARN_UNREACHABLE_CODE = YES;
				CLANG_WARN__DUPLICATE_METHOD_MATCH = YES;
				COPY_PHASE_STRIP = NO;
				DEBUG_INFORMATION_FORMAT = dwarf;
				ENABLE_STRICT_OBJC_MSGSEND = YES;
				ENABLE_TESTABILITY = YES;
				ENABLE_USER_SCRIPT_SANDBOXING = YES;
				GCC_C_LANGUAGE_STANDARD = gnu17;
				GCC_DYNAMIC_NO_PIC = NO;
				GCC_NO_COMMON_BLOCKS = YES;
				GCC_OPTIMIZATION_LEVEL = 0;
				GCC_PREPROCESSOR_DEFINITIONS = (
					"DEBUG=1",
					"$(inherited)",
				);
				GCC_WARN_64_TO_32_BIT_CONVERSION = YES;
				GCC_WARN_ABOUT_RETURN_TYPE = YES_ERROR;
				GCC_WARN_UNDECLARED_SELECTOR = YES;
				GCC_WARN_UNINITIALIZED_AUTOS = YES_AGGRESSIVE;
				GCC_WARN_UNUSED_FUNCTION = YES;
				GCC_WARN_UNUSED_VARIABLE = YES;
				IPHONEOS_DEPLOYMENT_TARGET = 17.0;
				LOCALIZATION_PREFERS_STRING_CATALOGS = YES;
				MTL_ENABLE_DEBUG_INFO = INCLUDE_SOURCE;
				MTL_FAST_MATH = YES;
				ONLY_ACTIVE_ARCH = YES;
				SDKROOT = iphoneos;
				SWIFT_ACTIVE_COMPILATION_CONDITIONS = "DEBUG $(inherited)";
				SWIFT_OPTIMIZATION_LEVEL = "-Onone";
			};
			name = Debug;
		};
		0B2D2A6A2B0AAF1B00444FCA /* Release */ = {
			isa = XCBuildConfiguration;
			buildSettings = {
				ALWAYS_SEARCH_USER_PATHS = NO;
				ASSETCATALOG_COMPILER_GENERATE_SWIFT_ASSET_SYMBOL_EXTENSIONS = YES;
				CLANG_ANALYZER_NONNULL = YES;
				CLANG_ANALYZER_NUMBER_OBJECT_CONVERSION = YES_AGGRESSIVE;
				CLANG_CXX_LANGUAGE_STANDARD = "gnu++20";
				CLANG_ENABLE_MODULES = YES;
				CLANG_ENABLE_OBJC_ARC = YES;
				CLANG_ENABLE_OBJC_WEAK = YES;
				CLANG_WARN_BLOCK_CAPTURE_AUTORELEASING = YES;
				CLANG_WARN_BOOL_CONVERSION = YES;
				CLANG_WARN_COMMA = YES;
				CLANG_WARN_CONSTANT_CONVERSION = YES;
				CLANG_WARN_DEPRECATED_OBJC_IMPLEMENTATIONS = YES;
				CLANG_WARN_DIRECT_OBJC_ISA_USAGE = YES_ERROR;
				CLANG_WARN_DOCUMENTATION_COMMENTS = YES;
				CLANG_WARN_EMPTY_BODY = YES;
				CLANG_WARN_ENUM_CONVERSION = YES;
				CLANG_WARN_INFINITE_RECURSION = YES;
				CLANG_WARN_INT_CONVERSION = YES;
				CLANG_WARN_NON_LITERAL_NULL_CONVERSION = YES;
				CLANG_WARN_OBJC_IMPLICIT_RETAIN_SELF = YES;
				CLANG_WARN_OBJC_LITERAL_CONVERSION = YES;
				CLANG_WARN_OBJC_ROOT_CLASS = YES_ERROR;
				CLANG_WARN_QUOTED_INCLUDE_IN_FRAMEWORK_HEADER = YES;
				CLANG_WARN_RANGE_LOOP_ANALYSIS = YES;
				CLANG_WARN_STRICT_PROTOTYPES = YES;
				CLANG_WARN_SUSPICIOUS_MOVE = YES;
				CLANG_WARN_UNGUARDED_AVAILABILITY = YES_AGGRESSIVE;
				CLANG_WARN_UNREACHABLE_CODE = YES;
				CLANG_WARN__DUPLICATE_METHOD_MATCH = YES;
				COPY_PHASE_STRIP = NO;
				DEBUG_INFORMATION_FORMAT = "dwarf-with-dsym";
				ENABLE_NS_ASSERTIONS = NO;
				ENABLE_STRICT_OBJC_MSGSEND = YES;
				ENABLE_USER_SCRIPT_SANDBOXING = YES;
				GCC_C_LANGUAGE_STANDARD = gnu17;
				GCC_NO_COMMON_BLOCKS = YES;
				GCC_WARN_64_TO_32_BIT_CONVERSION = YES;
				GCC_WARN_ABOUT_RETURN_TYPE = YES_ERROR;
				GCC_WARN_UNDECLARED_SELECTOR = YES;
				GCC_WARN_UNINITIALIZED_AUTOS = YES_AGGRESSIVE;
				GCC_WARN_UNUSED_FUNCTION = YES;
				GCC_WARN_UNUSED_VARIABLE = YES;
				IPHONEOS_DEPLOYMENT_TARGET = 17.0;
				LOCALIZATION_PREFERS_STRING_CATALOGS = YES;
				MTL_ENABLE_DEBUG_INFO = NO;
				MTL_FAST_MATH = YES;
				SDKROOT = iphoneos;
				SWIFT_COMPILATION_MODE = wholemodule;
				VALIDATE_PRODUCT = YES;
			};
			name = Release;
		};
		0B2D2A6C2B0AAF1B00444FCA /* Debug */ = {
			isa = XCBuildConfiguration;
			buildSettings = {
				ASSETCATALOG_COMPILER_APPICON_NAME = AppIcon;
				ASSETCATALOG_COMPILER_GLOBAL_ACCENT_COLOR_NAME = AccentColor;
				CODE_SIGN_STYLE = Automatic;
				CURRENT_PROJECT_VERSION = 1;
				DEVELOPMENT_ASSET_PATHS = "\"AppListNav/Preview Content\"";
				ENABLE_PREVIEWS = YES;
				GENERATE_INFOPLIST_FILE = YES;
				INFOPLIST_KEY_CFBundleDisplayName = AppListNav;
				INFOPLIST_KEY_UIApplicationSceneManifest_Generation = YES;
				INFOPLIST_KEY_UIApplicationSupportsIndirectInputEvents = YES;
				INFOPLIST_KEY_UILaunchScreen_Generation = YES;
				INFOPLIST_KEY_UISupportedInterfaceOrientations_iPad = "UIInterfaceOrientationPortrait UIInterfaceOrientationPortraitUpsideDown UIInterfaceOrientationLandscapeLeft UIInterfaceOrientationLandscapeRight";
				INFOPLIST_KEY_UISupportedInterfaceOrientations_iPhone = "UIInterfaceOrientationPortrait UIInterfaceOrientationLandscapeLeft UIInterfaceOrientationLandscapeRight";
				LD_RUNPATH_SEARCH_PATHS = (
					"$(inherited)",
					"@executable_path/Frameworks",
				);
				MARKETING_VERSION = 1.0;
				PRODUCT_BUNDLE_IDENTIFIER = "se.novembercode-AppListNav.AppListNav";
				PRODUCT_NAME = "$(TARGET_NAME)";
				SWIFT_EMIT_LOC_STRINGS = YES;
				SWIFT_VERSION = 5.0;
				TARGETED_DEVICE_FAMILY = "1,2";
			};
			name = Debug;
		};
		0B2D2A6D2B0AAF1B00444FCA /* Release */ = {
			isa = XCBuildConfiguration;
			buildSettings = {
				ASSETCATALOG_COMPILER_APPICON_NAME = AppIcon;
				ASSETCATALOG_COMPILER_GLOBAL_ACCENT_COLOR_NAME = AccentColor;
				CODE_SIGN_STYLE = Automatic;
				CURRENT_PROJECT_VERSION = 1;
				DEVELOPMENT_ASSET_PATHS = "\"AppListNav/Preview Content\"";
				ENABLE_PREVIEWS = YES;
				GENERATE_INFOPLIST_FILE = YES;
				INFOPLIST_KEY_CFBundleDisplayName = AppListNav;
				INFOPLIST_KEY_UIApplicationSceneManifest_Generation = YES;
				INFOPLIST_KEY_UIApplicationSupportsIndirectInputEvents = YES;
				INFOPLIST_KEY_UILaunchScreen_Generation = YES;
				INFOPLIST_KEY_UISupportedInterfaceOrientations_iPad = "UIInterfaceOrientationPortrait UIInterfaceOrientationPortraitUpsideDown UIInterfaceOrientationLandscapeLeft UIInterfaceOrientationLandscapeRight";
				INFOPLIST_KEY_UISupportedInterfaceOrientations_iPhone = "UIInterfaceOrientationPortrait UIInterfaceOrientationLandscapeLeft UIInterfaceOrientationLandscapeRight";
				LD_RUNPATH_SEARCH_PATHS = (
					"$(inherited)",
					"@executable_path/Frameworks",
				);
				MARKETING_VERSION = 1.0;
				PRODUCT_BUNDLE_IDENTIFIER = "se.novembercode-AppListNav.AppListNav";
				PRODUCT_NAME = "$(TARGET_NAME)";
				SWIFT_EMIT_LOC_STRINGS = YES;
				SWIFT_VERSION = 5.0;
				TARGETED_DEVICE_FAMILY = "1,2";
			};
			name = Release;
		};
		0B2D2A6F2B0AAF1B00444FCA /* Debug */ = {
			isa = XCBuildConfiguration;
			buildSettings = {
				ALWAYS_EMBED_SWIFT_STANDARD_LIBRARIES = YES;
				BUNDLE_LOADER = "$(TEST_HOST)";
				CODE_SIGN_STYLE = Automatic;
				CURRENT_PROJECT_VERSION = 1;
				GENERATE_INFOPLIST_FILE = YES;
				IPHONEOS_DEPLOYMENT_TARGET = 17.0;
				MARKETING_VERSION = 1.0;
				PRODUCT_BUNDLE_IDENTIFIER = "se.novembercode-AppListNav.AppListNavTests";
				PRODUCT_NAME = "$(TARGET_NAME)";
				SWIFT_EMIT_LOC_STRINGS = NO;
				SWIFT_VERSION = 5.0;
				TARGETED_DEVICE_FAMILY = "1,2";
				TEST_HOST = "$(BUILT_PRODUCTS_DIR)/AppListNav.app/$(BUNDLE_EXECUTABLE_FOLDER_PATH)/AppListNav";
			};
			name = Debug;
		};
		0B2D2A702B0AAF1B00444FCA /* Release */ = {
			isa = XCBuildConfiguration;
			buildSettings = {
				ALWAYS_EMBED_SWIFT_STANDARD_LIBRARIES = YES;
				BUNDLE_LOADER = "$(TEST_HOST)";
				CODE_SIGN_STYLE = Automatic;
				CURRENT_PROJECT_VERSION = 1;
				GENERATE_INFOPLIST_FILE = YES;
				IPHONEOS_DEPLOYMENT_TARGET = 17.0;
				MARKETING_VERSION = 1.0;
				PRODUCT_BUNDLE_IDENTIFIER = "se.novembercode-AppListNav.AppListNavTests";
				PRODUCT_NAME = "$(TARGET_NAME)";
				SWIFT_EMIT_LOC_STRINGS = NO;
				SWIFT_VERSION = 5.0;
				TARGETED_DEVICE_FAMILY = "1,2";
				TEST_HOST = "$(BUILT_PRODUCTS_DIR)/AppListNav.app/$(BUNDLE_EXECUTABLE_FOLDER_PATH)/AppListNav";
			};
			name = Release;
		};
		0B2D2A722B0AAF1B00444FCA /* Debug */ = {
			isa = XCBuildConfiguration;
			buildSettings = {
				ALWAYS_EMBED_SWIFT_STANDARD_LIBRARIES = YES;
				CODE_SIGN_STYLE = Automatic;
				CURRENT_PROJECT_VERSION = 1;
				GENERATE_INFOPLIST_FILE = YES;
				MARKETING_VERSION = 1.0;
				PRODUCT_BUNDLE_IDENTIFIER = "se.novembercode-AppListNav.AppListNavUITests";
				PRODUCT_NAME = "$(TARGET_NAME)";
				SWIFT_EMIT_LOC_STRINGS = NO;
				SWIFT_VERSION = 5.0;
				TARGETED_DEVICE_FAMILY = "1,2";
				TEST_TARGET_NAME = AppListNav;
			};
			name = Debug;
		};
		0B2D2A732B0AAF1B00444FCA /* Release */ = {
			isa = XCBuildConfiguration;
			buildSettings = {
				ALWAYS_EMBED_SWIFT_STANDARD_LIBRARIES = YES;
				CODE_SIGN_STYLE = Automatic;
				CURRENT_PROJECT_VERSION = 1;
				GENERATE_INFOPLIST_FILE = YES;
				MARKETING_VERSION = 1.0;
				PRODUCT_BUNDLE_IDENTIFIER = "se.novembercode-AppListNav.AppListNavUITests";
				PRODUCT_NAME = "$(TARGET_NAME)";
				SWIFT_EMIT_LOC_STRINGS = NO;
				SWIFT_VERSION = 5.0;
				TARGETED_DEVICE_FAMILY = "1,2";
				TEST_TARGET_NAME = AppListNav;
			};
			name = Release;
		};
/* End XCBuildConfiguration section */

/* Begin XCConfigurationList section */
		0B2D2A422B0AAF1900444FCA /* Build configuration list for PBXProject "AppListNav" */ = {
			isa = XCConfigurationList;
			buildConfigurations = (
				0B2D2A692B0AAF1B00444FCA /* Debug */,
				0B2D2A6A2B0AAF1B00444FCA /* Release */,
			);
			defaultConfigurationIsVisible = 0;
			defaultConfigurationName = Release;
		};
		0B2D2A6B2B0AAF1B00444FCA /* Build configuration list for PBXNativeTarget "AppListNav" */ = {
			isa = XCConfigurationList;
			buildConfigurations = (
				0B2D2A6C2B0AAF1B00444FCA /* Debug */,
				0B2D2A6D2B0AAF1B00444FCA /* Release */,
			);
			defaultConfigurationIsVisible = 0;
			defaultConfigurationName = Release;
		};
		0B2D2A6E2B0AAF1B00444FCA /* Build configuration list for PBXNativeTarget "AppListNavTests" */ = {
			isa = XCConfigurationList;
			buildConfigurations = (
				0B2D2A6F2B0AAF1B00444FCA /* Debug */,
				0B2D2A702B0AAF1B00444FCA /* Release */,
			);
			defaultConfigurationIsVisible = 0;
			defaultConfigurationName = Release;
		};
		0B2D2A712B0AAF1B00444FCA /* Build configuration list for PBXNativeTarget "AppListNavUITests" */ = {
			isa = XCConfigurationList;
			buildConfigurations = (
				0B2D2A722B0AAF1B00444FCA /* Debug */,
				0B2D2A732B0AAF1B00444FCA /* Release */,
			);
			defaultConfigurationIsVisible = 0;
			defaultConfigurationName = Release;
		};
/* End XCConfigurationList section */
	};
	rootObject = 0B2D2A3F2B0AAF1900444FCA /* Project object */;
}
